
Microsoft Visual Studio Solution File, Format Version 12.00
# Visual Studio Version 16
VisualStudioVersion = 16.0.31624.102
MinimumVisualStudioVersion = 10.0.40219.1
Project("{9A19103F-16F7-4668-BE54-9A1E7A4F7556}") = "Transmi.Web", "Transmi.Web\Transmi.Web.csproj", "{CCE58A93-69DD-4AD3-8F8D-7E6C14A7F577}"
EndProject
Project("{FAE04EC0-301F-11D3-BF4B-00C04F79EFBC}") = "Transmi.Test", "Transmi.Test\Transmi.Test.csproj", "{C4649655-B2FD-422E-BE70-0897EFB1B2C4}"
EndProject
Global
	GlobalSection(SolutionConfigurationPlatforms) = preSolution
		Debug|Any CPU = Debug|Any CPU
		Release|Any CPU = Release|Any CPU
	EndGlobalSection
	GlobalSection(ProjectConfigurationPlatforms) = postSolution
		{CCE58A93-69DD-4AD3-8F8D-7E6C14A7F577}.Debug|Any CPU.ActiveCfg = Debug|Any CPU
		{CCE58A93-69DD-4AD3-8F8D-7E6C14A7F577}.Debug|Any CPU.Build.0 = Debug|Any CPU
		{CCE58A93-69DD-4AD3-8F8D-7E6C14A7F577}.Release|Any CPU.ActiveCfg = Release|Any CPU
		{CCE58A93-69DD-4AD3-8F8D-7E6C14A7F577}.Release|Any CPU.Build.0 = Release|Any CPU
		{C4649655-B2FD-422E-BE70-0897EFB1B2C4}.Debug|Any CPU.ActiveCfg = Debug|Any CPU
		{C4649655-B2FD-422E-BE70-0897EFB1B2C4}.Debug|Any CPU.Build.0 = Debug|Any CPU
		{C4649655-B2FD-422E-BE70-0897EFB1B2C4}.Release|Any CPU.ActiveCfg = Release|Any CPU
		{C4649655-B2FD-422E-BE70-0897EFB1B2C4}.Release|Any CPU.Build.0 = Release|Any CPU
	EndGlobalSection
	GlobalSection(SolutionProperties) = preSolution
		HideSolutionNode = FALSE
	EndGlobalSection
	GlobalSection(ExtensibilityGlobals) = postSolution
		SolutionGuid = {601E85E6-F3A8-4497-9647-74F6AF2C1D4E}
	EndGlobalSection
EndGlobal
